
Microsoft Visual Studio Solution File, Format Version 12.00
# Visual Studio Version 17
VisualStudioVersion = 17.5.002.0
MinimumVisualStudioVersion = 10.0.40219.1
Project("{2150E333-8FDC-42A3-9474-1A3956D46DE8}") = "csharp-prep", "csharp-prep", "{E549F0F1-95A5-4FAE-BE7F-F3E0738C4F91}"
EndProject
Project("{9A19103F-16F7-4668-BE54-9A1E7A4F7556}") = "Prep1", "csharp-prep\Prep1\Prep1.csproj", "{155A1C19-FA22-4E17-8A5F-1FDE2AC13D9D}"
EndProject
Project("{9A19103F-16F7-4668-BE54-9A1E7A4F7556}") = "Prep2", "csharp-prep\Prep2\Prep2.csproj", "{36A7B0DD-6883-4316-8E28-5876A6024D67}"
EndProject
Project("{9A19103F-16F7-4668-BE54-9A1E7A4F7556}") = "Prep3", "csharp-prep\Prep3\Prep3.csproj", "{3B87779C-613C-4CA8-B401-6180A906929D}"
EndProject
Project("{9A19103F-16F7-4668-BE54-9A1E7A4F7556}") = "Prep4", "csharp-prep\Prep4\Prep4.csproj", "{D7A01E3B-4794-467E-9737-DEDF05C6653C}"
EndProject
Project("{9A19103F-16F7-4668-BE54-9A1E7A4F7556}") = "Prep5", "csharp-prep\Prep5\Prep5.csproj", "{9BE9D246-D4E4-4E7F-85B0-EAA282D1A99F}"
EndProject
Project("{2150E333-8FDC-42A3-9474-1A3956D46DE8}") = "final", "final", "{9C5CBFD5-88E2-4F5C-898E-A1E5E586F627}"
EndProject
Project("{9A19103F-16F7-4668-BE54-9A1E7A4F7556}") = "FinalProject", "final\FinalProject\FinalProject.csproj", "{D72962A9-554B-45B5-A4D1-442D6D7DF7E2}"
EndProject
Project("{9A19103F-16F7-4668-BE54-9A1E7A4F7556}") = "Foundation1", "final\Foundation1\Foundation1.csproj", "{C5F78D4E-FB33-4BF4-91BE-009CB49CD51F}"
EndProject
Project("{9A19103F-16F7-4668-BE54-9A1E7A4F7556}") = "Foundation2", "final\Foundation2\Foundation2.csproj", "{340DCDCA-88B7-4433-A7EE-0D927AEAD4B2}"
EndProject
Project("{9A19103F-16F7-4668-BE54-9A1E7A4F7556}") = "Foundation3", "final\Foundation3\Foundation3.csproj", "{73ADAAB5-8D2E-4DB4-91EF-EACD1B469611}"
EndProject
Project("{9A19103F-16F7-4668-BE54-9A1E7A4F7556}") = "Foundation4", "final\Foundation4\Foundation4.csproj", "{D3203FF3-512A-4C3F-A017-764347C7EA94}"
EndProject
Project("{2150E333-8FDC-42A3-9474-1A3956D46DE8}") = "prepare", "prepare", "{181832EE-ABAA-442D-8D5C-C9307D675E77}"
EndProject
Project("{9A19103F-16F7-4668-BE54-9A1E7A4F7556}") = "Learning02", "prepare\Learning02\Learning02.csproj", "{CDFB2198-B972-4CA8-A7AD-29D209D8974F}"
EndProject
Project("{9A19103F-16F7-4668-BE54-9A1E7A4F7556}") = "Learning03", "prepare\Learning03\Learning03.csproj", "{3FF80774-89B4-427D-B983-D9A4BCEF22E2}"
EndProject
Project("{9A19103F-16F7-4668-BE54-9A1E7A4F7556}") = "Learning04", "prepare\Learning04\Learning04.csproj", "{1BFA00A3-E15A-4D79-A944-8F408B46059B}"
EndProject
Project("{9A19103F-16F7-4668-BE54-9A1E7A4F7556}") = "Learning05", "prepare\Learning05\Learning05.csproj", "{DA7F74A6-7EA3-4FF9-848F-E5D7664CCA06}"
EndProject
Project("{2150E333-8FDC-42A3-9474-1A3956D46DE8}") = "prove", "prove", "{BCA24FDC-16CA-446F-8C3D-4836F6D71A30}"
EndProject
Project("{9A19103F-16F7-4668-BE54-9A1E7A4F7556}") = "Develop02", "prove\Develop02\Develop02.csproj", "{803F7F53-9991-40D5-8B57-5543FACDC3BA}"
EndProject
Project("{9A19103F-16F7-4668-BE54-9A1E7A4F7556}") = "Develop03", "prove\Develop03\Develop03.csproj", "{C8F3411F-05D4-4294-8A46-F4F169B5C096}"
EndProject
Project("{9A19103F-16F7-4668-BE54-9A1E7A4F7556}") = "Develop04", "prove\Develop04\Develop04.csproj", "{3D992CD1-FFE8-40EC-9A85-6DDEE066DFF9}"
EndProject
Project("{9A19103F-16F7-4668-BE54-9A1E7A4F7556}") = "Develop05", "prove\Develop05\Develop05.csproj", "{8B5B1682-C45D-4D13-8A20-77F85C10D15F}"
EndProject
Project("{2150E333-8FDC-42A3-9474-1A3956D46DE8}") = "sandbox", "sandbox", "{91A77258-CF5F-4240-B964-D35943FD6D41}"
EndProject
Project("{9A19103F-16F7-4668-BE54-9A1E7A4F7556}") = "Sandbox", "sandbox\Sandbox\Sandbox.csproj", "{78B2274B-F329-4308-8069-19E2B9B9CF34}"
EndProject
Global
	GlobalSection(SolutionConfigurationPlatforms) = preSolution
		Debug|Any CPU = Debug|Any CPU
		Release|Any CPU = Release|Any CPU
	EndGlobalSection
	GlobalSection(ProjectConfigurationPlatforms) = postSolution
		{155A1C19-FA22-4E17-8A5F-1FDE2AC13D9D}.Debug|Any CPU.ActiveCfg = Debug|Any CPU
		{155A1C19-FA22-4E17-8A5F-1FDE2AC13D9D}.Debug|Any CPU.Build.0 = Debug|Any CPU
		{155A1C19-FA22-4E17-8A5F-1FDE2AC13D9D}.Release|Any CPU.ActiveCfg = Release|Any CPU
		{155A1C19-FA22-4E17-8A5F-1FDE2AC13D9D}.Release|Any CPU.Build.0 = Release|Any CPU
		{36A7B0DD-6883-4316-8E28-5876A6024D67}.Debug|Any CPU.ActiveCfg = Debug|Any CPU
		{36A7B0DD-6883-4316-8E28-5876A6024D67}.Debug|Any CPU.Build.0 = Debug|Any CPU
		{36A7B0DD-6883-4316-8E28-5876A6024D67}.Release|Any CPU.ActiveCfg = Release|Any CPU
		{36A7B0DD-6883-4316-8E28-5876A6024D67}.Release|Any CPU.Build.0 = Release|Any CPU
		{3B87779C-613C-4CA8-B401-6180A906929D}.Debug|Any CPU.ActiveCfg = Debug|Any CPU
		{3B87779C-613C-4CA8-B401-6180A906929D}.Debug|Any CPU.Build.0 = Debug|Any CPU
		{3B87779C-613C-4CA8-B401-6180A906929D}.Release|Any CPU.ActiveCfg = Release|Any CPU
		{3B87779C-613C-4CA8-B401-6180A906929D}.Release|Any CPU.Build.0 = Release|Any CPU
		{D7A01E3B-4794-467E-9737-DEDF05C6653C}.Debug|Any CPU.ActiveCfg = Debug|Any CPU
		{D7A01E3B-4794-467E-9737-DEDF05C6653C}.Debug|Any CPU.Build.0 = Debug|Any CPU
		{D7A01E3B-4794-467E-9737-DEDF05C6653C}.Release|Any CPU.ActiveCfg = Release|Any CPU
		{D7A01E3B-4794-467E-9737-DEDF05C6653C}.Release|Any CPU.Build.0 = Release|Any CPU
		{9BE9D246-D4E4-4E7F-85B0-EAA282D1A99F}.Debug|Any CPU.ActiveCfg = Debug|Any CPU
		{9BE9D246-D4E4-4E7F-85B0-EAA282D1A99F}.Debug|Any CPU.Build.0 = Debug|Any CPU
		{9BE9D246-D4E4-4E7F-85B0-EAA282D1A99F}.Release|Any CPU.ActiveCfg = Release|Any CPU
		{9BE9D246-D4E4-4E7F-85B0-EAA282D1A99F}.Release|Any CPU.Build.0 = Release|Any CPU
		{D72962A9-554B-45B5-A4D1-442D6D7DF7E2}.Debug|Any CPU.ActiveCfg = Debug|Any CPU
		{D72962A9-554B-45B5-A4D1-442D6D7DF7E2}.Debug|Any CPU.Build.0 = Debug|Any CPU
		{D72962A9-554B-45B5-A4D1-442D6D7DF7E2}.Release|Any CPU.ActiveCfg = Release|Any CPU
		{D72962A9-554B-45B5-A4D1-442D6D7DF7E2}.Release|Any CPU.Build.0 = Release|Any CPU
		{C5F78D4E-FB33-4BF4-91BE-009CB49CD51F}.Debug|Any CPU.ActiveCfg = Debug|Any CPU
		{C5F78D4E-FB33-4BF4-91BE-009CB49CD51F}.Debug|Any CPU.Build.0 = Debug|Any CPU
		{C5F78D4E-FB33-4BF4-91BE-009CB49CD51F}.Release|Any CPU.ActiveCfg = Release|Any CPU
		{C5F78D4E-FB33-4BF4-91BE-009CB49CD51F}.Release|Any CPU.Build.0 = Release|Any CPU
		{340DCDCA-88B7-4433-A7EE-0D927AEAD4B2}.Debug|Any CPU.ActiveCfg = Debug|Any CPU
		{340DCDCA-88B7-4433-A7EE-0D927AEAD4B2}.Debug|Any CPU.Build.0 = Debug|Any CPU
		{340DCDCA-88B7-4433-A7EE-0D927AEAD4B2}.Release|Any CPU.ActiveCfg = Release|Any CPU
		{340DCDCA-88B7-4433-A7EE-0D927AEAD4B2}.Release|Any CPU.Build.0 = Release|Any CPU
		{73ADAAB5-8D2E-4DB4-91EF-EACD1B469611}.Debug|Any CPU.ActiveCfg = Debug|Any CPU
		{73ADAAB5-8D2E-4DB4-91EF-EACD1B469611}.Debug|Any CPU.Build.0 = Debug|Any CPU
		{73ADAAB5-8D2E-4DB4-91EF-EACD1B469611}.Release|Any CPU.ActiveCfg = Release|Any CPU
		{73ADAAB5-8D2E-4DB4-91EF-EACD1B469611}.Release|Any CPU.Build.0 = Release|Any CPU
		{D3203FF3-512A-4C3F-A017-764347C7EA94}.Debug|Any CPU.ActiveCfg = Debug|Any CPU
		{D3203FF3-512A-4C3F-A017-764347C7EA94}.Debug|Any CPU.Build.0 = Debug|Any CPU
		{D3203FF3-512A-4C3F-A017-764347C7EA94}.Release|Any CPU.ActiveCfg = Release|Any CPU
		{D3203FF3-512A-4C3F-A017-764347C7EA94}.Release|Any CPU.Build.0 = Release|Any CPU
		{CDFB2198-B972-4CA8-A7AD-29D209D8974F}.Debug|Any CPU.ActiveCfg = Debug|Any CPU
		{CDFB2198-B972-4CA8-A7AD-29D209D8974F}.Debug|Any CPU.Build.0 = Debug|Any CPU
		{CDFB2198-B972-4CA8-A7AD-29D209D8974F}.Release|Any CPU.ActiveCfg = Release|Any CPU
		{CDFB2198-B972-4CA8-A7AD-29D209D8974F}.Release|Any CPU.Build.0 = Release|Any CPU
		{3FF80774-89B4-427D-B983-D9A4BCEF22E2}.Debug|Any CPU.ActiveCfg = Debug|Any CPU
		{3FF80774-89B4-427D-B983-D9A4BCEF22E2}.Debug|Any CPU.Build.0 = Debug|Any CPU
		{3FF80774-89B4-427D-B983-D9A4BCEF22E2}.Release|Any CPU.ActiveCfg = Release|Any CPU
		{3FF80774-89B4-427D-B983-D9A4BCEF22E2}.Release|Any CPU.Build.0 = Release|Any CPU
		{1BFA00A3-E15A-4D79-A944-8F408B46059B}.Debug|Any CPU.ActiveCfg = Debug|Any CPU
		{1BFA00A3-E15A-4D79-A944-8F408B46059B}.Debug|Any CPU.Build.0 = Debug|Any CPU
		{1BFA00A3-E15A-4D79-A944-8F408B46059B}.Release|Any CPU.ActiveCfg = Release|Any CPU
		{1BFA00A3-E15A-4D79-A944-8F408B46059B}.Release|Any CPU.Build.0 = Release|Any CPU
		{DA7F74A6-7EA3-4FF9-848F-E5D7664CCA06}.Debug|Any CPU.ActiveCfg = Debug|Any CPU
		{DA7F74A6-7EA3-4FF9-848F-E5D7664CCA06}.Debug|Any CPU.Build.0 = Debug|Any CPU
		{DA7F74A6-7EA3-4FF9-848F-E5D7664CCA06}.Release|Any CPU.ActiveCfg = Release|Any CPU
		{DA7F74A6-7EA3-4FF9-848F-E5D7664CCA06}.Release|Any CPU.Build.0 = Release|Any CPU
		{803F7F53-9991-40D5-8B57-5543FACDC3BA}.Debug|Any CPU.ActiveCfg = Debug|Any CPU
		{803F7F53-9991-40D5-8B57-5543FACDC3BA}.Debug|Any CPU.Build.0 = Debug|Any CPU
		{803F7F53-9991-40D5-8B57-5543FACDC3BA}.Release|Any CPU.ActiveCfg = Release|Any CPU
		{803F7F53-9991-40D5-8B57-5543FACDC3BA}.Release|Any CPU.Build.0 = Release|Any CPU
		{C8F3411F-05D4-4294-8A46-F4F169B5C096}.Debug|Any CPU.ActiveCfg = Debug|Any CPU
		{C8F3411F-05D4-4294-8A46-F4F169B5C096}.Debug|Any CPU.Build.0 = Debug|Any CPU
		{C8F3411F-05D4-4294-8A46-F4F169B5C096}.Release|Any CPU.ActiveCfg = Release|Any CPU
		{C8F3411F-05D4-4294-8A46-F4F169B5C096}.Release|Any CPU.Build.0 = Release|Any CPU
		{3D992CD1-FFE8-40EC-9A85-6DDEE066DFF9}.Debug|Any CPU.ActiveCfg = Debug|Any CPU
		{3D992CD1-FFE8-40EC-9A85-6DDEE066DFF9}.Debug|Any CPU.Build.0 = Debug|Any CPU
		{3D992CD1-FFE8-40EC-9A85-6DDEE066DFF9}.Release|Any CPU.ActiveCfg = Release|Any CPU
		{3D992CD1-FFE8-40EC-9A85-6DDEE066DFF9}.Release|Any CPU.Build.0 = Release|Any CPU
		{8B5B1682-C45D-4D13-8A20-77F85C10D15F}.Debug|Any CPU.ActiveCfg = Debug|Any CPU
		{8B5B1682-C45D-4D13-8A20-77F85C10D15F}.Debug|Any CPU.Build.0 = Debug|Any CPU
		{8B5B1682-C45D-4D13-8A20-77F85C10D15F}.Release|Any CPU.ActiveCfg = Release|Any CPU
		{8B5B1682-C45D-4D13-8A20-77F85C10D15F}.Release|Any CPU.Build.0 = Release|Any CPU
		{78B2274B-F329-4308-8069-19E2B9B9CF34}.Debug|Any CPU.ActiveCfg = Debug|Any CPU
		{78B2274B-F329-4308-8069-19E2B9B9CF34}.Debug|Any CPU.Build.0 = Debug|Any CPU
		{78B2274B-F329-4308-8069-19E2B9B9CF34}.Release|Any CPU.ActiveCfg = Release|Any CPU
		{78B2274B-F329-4308-8069-19E2B9B9CF34}.Release|Any CPU.Build.0 = Release|Any CPU
	EndGlobalSection
	GlobalSection(SolutionProperties) = preSolution
		HideSolutionNode = FALSE
	EndGlobalSection
	GlobalSection(NestedProjects) = preSolution
		{155A1C19-FA22-4E17-8A5F-1FDE2AC13D9D} = {E549F0F1-95A5-4FAE-BE7F-F3E0738C4F91}
		{36A7B0DD-6883-4316-8E28-5876A6024D67} = {E549F0F1-95A5-4FAE-BE7F-F3E0738C4F91}
		{3B87779C-613C-4CA8-B401-6180A906929D} = {E549F0F1-95A5-4FAE-BE7F-F3E0738C4F91}
		{D7A01E3B-4794-467E-9737-DEDF05C6653C} = {E549F0F1-95A5-4FAE-BE7F-F3E0738C4F91}
		{9BE9D246-D4E4-4E7F-85B0-EAA282D1A99F} = {E549F0F1-95A5-4FAE-BE7F-F3E0738C4F91}
		{D72962A9-554B-45B5-A4D1-442D6D7DF7E2} = {9C5CBFD5-88E2-4F5C-898E-A1E5E586F627}
		{C5F78D4E-FB33-4BF4-91BE-009CB49CD51F} = {9C5CBFD5-88E2-4F5C-898E-A1E5E586F627}
		{340DCDCA-88B7-4433-A7EE-0D927AEAD4B2} = {9C5CBFD5-88E2-4F5C-898E-A1E5E586F627}
		{73ADAAB5-8D2E-4DB4-91EF-EACD1B469611} = {9C5CBFD5-88E2-4F5C-898E-A1E5E586F627}
		{D3203FF3-512A-4C3F-A017-764347C7EA94} = {9C5CBFD5-88E2-4F5C-898E-A1E5E586F627}
		{CDFB2198-B972-4CA8-A7AD-29D209D8974F} = {181832EE-ABAA-442D-8D5C-C9307D675E77}
		{3FF80774-89B4-427D-B983-D9A4BCEF22E2} = {181832EE-ABAA-442D-8D5C-C9307D675E77}
		{1BFA00A3-E15A-4D79-A944-8F408B46059B} = {181832EE-ABAA-442D-8D5C-C9307D675E77}
		{DA7F74A6-7EA3-4FF9-848F-E5D7664CCA06} = {181832EE-ABAA-442D-8D5C-C9307D675E77}
		{803F7F53-9991-40D5-8B57-5543FACDC3BA} = {BCA24FDC-16CA-446F-8C3D-4836F6D71A30}
		{C8F3411F-05D4-4294-8A46-F4F169B5C096} = {BCA24FDC-16CA-446F-8C3D-4836F6D71A30}
		{3D992CD1-FFE8-40EC-9A85-6DDEE066DFF9} = {BCA24FDC-16CA-446F-8C3D-4836F6D71A30}
		{8B5B1682-C45D-4D13-8A20-77F85C10D15F} = {BCA24FDC-16CA-446F-8C3D-4836F6D71A30}
		{78B2274B-F329-4308-8069-19E2B9B9CF34} = {91A77258-CF5F-4240-B964-D35943FD6D41}
	EndGlobalSection
	GlobalSection(ExtensibilityGlobals) = postSolution
		SolutionGuid = {119F76B9-C7ED-4CDA-B4F3-E1BF80E68D70}
	EndGlobalSection
EndGlobal
